
Microsoft Visual Studio Solution File, Format Version 12.00
# Visual Studio Version 17
VisualStudioVersion = 17.11.35312.102
MinimumVisualStudioVersion = 10.0.40219.1
Project("{F184B08F-C81C-45F6-A57F-5ABD9991F28F}") = "Archivos", "Archivos.vbproj", "{C3481DDE-CCEE-4589-932F-F4E699FBF728}"
EndProject
Global
	GlobalSection(SolutionConfigurationPlatforms) = preSolution
		Debug|Any CPU = Debug|Any CPU
		Release|Any CPU = Release|Any CPU
	EndGlobalSection
	GlobalSection(ProjectConfigurationPlatforms) = postSolution
		{C3481DDE-CCEE-4589-932F-F4E699FBF728}.Debug|Any CPU.ActiveCfg = Debug|Any CPU
		{C3481DDE-CCEE-4589-932F-F4E699FBF728}.Debug|Any CPU.Build.0 = Debug|Any CPU
		{C3481DDE-CCEE-4589-932F-F4E699FBF728}.Release|Any CPU.ActiveCfg = Release|Any CPU
		{C3481DDE-CCEE-4589-932F-F4E699FBF728}.Release|Any CPU.Build.0 = Release|Any CPU
	EndGlobalSection
	GlobalSection(SolutionProperties) = preSolution
		HideSolutionNode = FALSE
	EndGlobalSection
	GlobalSection(ExtensibilityGlobals) = postSolution
		SolutionGuid = {E467D3A3-5FF3-4565-A44D-644EC2087581}
	EndGlobalSection
EndGlobal
