
Microsoft Visual Studio Solution File, Format Version 12.00
# Visual Studio Version 17
VisualStudioVersion = 17.11.35312.102
MinimumVisualStudioVersion = 10.0.40219.1
Project("{F184B08F-C81C-45F6-A57F-5ABD9991F28F}") = "WhatsYourName", "WhatsYourName\WhatsYourName.vbproj", "{ACBF7DB9-E88D-48C6-9851-9FAC087DC4B2}"
EndProject
Global
	GlobalSection(SolutionConfigurationPlatforms) = preSolution
		Debug|Any CPU = Debug|Any CPU
		Release|Any CPU = Release|Any CPU
	EndGlobalSection
	GlobalSection(ProjectConfigurationPlatforms) = postSolution
		{ACBF7DB9-E88D-48C6-9851-9FAC087DC4B2}.Debug|Any CPU.ActiveCfg = Debug|Any CPU
		{ACBF7DB9-E88D-48C6-9851-9FAC087DC4B2}.Debug|Any CPU.Build.0 = Debug|Any CPU
		{ACBF7DB9-E88D-48C6-9851-9FAC087DC4B2}.Release|Any CPU.ActiveCfg = Release|Any CPU
		{ACBF7DB9-E88D-48C6-9851-9FAC087DC4B2}.Release|Any CPU.Build.0 = Release|Any CPU
	EndGlobalSection
	GlobalSection(SolutionProperties) = preSolution
		HideSolutionNode = FALSE
	EndGlobalSection
	GlobalSection(ExtensibilityGlobals) = postSolution
		SolutionGuid = {5D9A586F-2761-4351-A7F9-9B682ED635B8}
	EndGlobalSection
EndGlobal
